
Microsoft Visual Studio Solution File, Format Version 12.00
# Visual Studio Version 16
VisualStudioVersion = 16.0.32929.386
MinimumVisualStudioVersion = 10.0.40219.1
Project("{8BC9CEB8-8B4A-11D0-8D11-00A0C91BC942}") = "motherboardProject", "motherboardProject.vcxproj", "{A18572CA-2B7D-4B4D-B445-A78D95EB749E}"
EndProject
Global
	GlobalSection(SolutionConfigurationPlatforms) = preSolution
		Debug|x64 = Debug|x64
		Debug|x86 = Debug|x86
		Release|x64 = Release|x64
		Release|x86 = Release|x86
	EndGlobalSection
	GlobalSection(ProjectConfigurationPlatforms) = postSolution
		{A18572CA-2B7D-4B4D-B445-A78D95EB749E}.Debug|x64.ActiveCfg = Debug|x64
		{A18572CA-2B7D-4B4D-B445-A78D95EB749E}.Debug|x64.Build.0 = Debug|x64
		{A18572CA-2B7D-4B4D-B445-A78D95EB749E}.Debug|x86.ActiveCfg = Debug|Win32
		{A18572CA-2B7D-4B4D-B445-A78D95EB749E}.Debug|x86.Build.0 = Debug|Win32
		{A18572CA-2B7D-4B4D-B445-A78D95EB749E}.Release|x64.ActiveCfg = Release|x64
		{A18572CA-2B7D-4B4D-B445-A78D95EB749E}.Release|x64.Build.0 = Release|x64
		{A18572CA-2B7D-4B4D-B445-A78D95EB749E}.Release|x86.ActiveCfg = Release|Win32
		{A18572CA-2B7D-4B4D-B445-A78D95EB749E}.Release|x86.Build.0 = Release|Win32
	EndGlobalSection
	GlobalSection(SolutionProperties) = preSolution
		HideSolutionNode = FALSE
	EndGlobalSection
	GlobalSection(ExtensibilityGlobals) = postSolution
		SolutionGuid = {E8CC3913-C7A1-46D9-BCAE-DFA67BB56CF9}
	EndGlobalSection
EndGlobal
